
Microsoft Visual Studio Solution File, Format Version 12.00
# Visual Studio Version 17
VisualStudioVersion = 17.5.33627.172
MinimumVisualStudioVersion = 10.0.40219.1
Project("{FAE04EC0-301F-11D3-BF4B-00C04F79EFBC}") = "ConsoleApp1", "ConsoleApp1\ConsoleApp1.csproj", "{D1ECB12C-1115-426F-9271-2CA6C81ACDB5}"
EndProject
Global
	GlobalSection(SolutionConfigurationPlatforms) = preSolution
		Debug|Any CPU = Debug|Any CPU
		Release|Any CPU = Release|Any CPU
	EndGlobalSection
	GlobalSection(ProjectConfigurationPlatforms) = postSolution
		{D1ECB12C-1115-426F-9271-2CA6C81ACDB5}.Debug|Any CPU.ActiveCfg = Debug|Any CPU
		{D1ECB12C-1115-426F-9271-2CA6C81ACDB5}.Debug|Any CPU.Build.0 = Debug|Any CPU
		{D1ECB12C-1115-426F-9271-2CA6C81ACDB5}.Release|Any CPU.ActiveCfg = Release|Any CPU
		{D1ECB12C-1115-426F-9271-2CA6C81ACDB5}.Release|Any CPU.Build.0 = Release|Any CPU
	EndGlobalSection
	GlobalSection(SolutionProperties) = preSolution
		HideSolutionNode = FALSE
	EndGlobalSection
	GlobalSection(ExtensibilityGlobals) = postSolution
		SolutionGuid = {6142D3AB-AE75-4619-9063-43E4C58E2C75}
	EndGlobalSection
EndGlobal
